%{"bunt": {:hex, :bunt, "0.1.6", "5d95a6882f73f3b9969fdfd1953798046664e6f77ec4e486e6fafc7caad97c6f", [:mix], []},
  "bypass": {:hex, :bypass, "0.5.1", "cf3e8a4d376ee1dcd89bf362dfaf1f4bf4a6e19895f52fdc2bafbd8207ce435f", [:mix], [{:plug, "~> 1.0", [hex: :plug, optional: false]}, {:cowboy, "~> 1.0", [hex: :cowboy, optional: false]}]},
  "certifi": {:hex, :certifi, "0.3.0", "389d4b126a47895fe96d65fcf8681f4d09eca1153dc2243ed6babad0aac1e763", [:rebar3], []},
  "cowboy": {:hex, :cowboy, "1.0.4", "a324a8df9f2316c833a470d918aaf73ae894278b8aa6226ce7a9bf699388f878", [:rebar, :make], [{:cowlib, "~> 1.0.0", [hex: :cowlib, optional: false]}, {:ranch, "~> 1.0", [hex: :ranch, optional: false]}]},
  "cowlib": {:hex, :cowlib, "1.0.2", "9d769a1d062c9c3ac753096f868ca121e2730b9a377de23dec0f7e08b1df84ee", [:make], []},
  "credo": {:hex, :credo, "0.3.13", "90d2d2deb9d376bb2a63f81126a320c3920ce65acb1294982ab49a8aacc7d89f", [:mix], [{:bunt, "~> 0.1.4", [hex: :bunt, optional: false]}]},
  "earmark": {:hex, :earmark, "0.2.1", "ba6d26ceb16106d069b289df66751734802777a3cbb6787026dd800ffeb850f3", [:mix], []},
  "ex_doc": {:hex, :ex_doc, "0.11.4", "a064bdb720594c3745b94709b17ffb834fd858b4e0c1f48f37c0d92700759e02", [:mix], [{:earmark, "~> 0.1.17 or ~> 0.2", [hex: :earmark, optional: true]}]},
  "exmerl": {:hex, :exmerl, "0.1.1"},
  "exml": {:hex, :exml, "0.1.0", "515c47e88e15322b5ab4a7aade8a866253d30e2b95263c3b6015eee8e5e32014", [:mix], []},
  "fake_cas": {:hex, :fake_cas, "1.1.0", "6eabcbac12b42ec0bb53c703365fa5c95831385a9dc3cd7bd8b5abdffe8de50c", [:mix], [{:plug, "~> 1.1", [hex: :plug, optional: false]}, {:cowboy, "~> 1.0", [hex: :cowboy, optional: false]}, {:bypass, "~> 0.1", [hex: :bypass, optional: false]}]},
  "hackney": {:hex, :hackney, "1.4.8", "c8c6977ed55cc5095e3929f6d94a6f732dd2e31ae42a7b9236d5574ec3f5be13", [:rebar3], [{:ssl_verify_hostname, "1.0.5", [hex: :ssl_verify_hostname, optional: false]}, {:mimerl, "1.0.2", [hex: :mimerl, optional: false]}, {:idna, "1.0.3", [hex: :idna, optional: false]}, {:certifi, "0.3.0", [hex: :certifi, optional: false]}]},
  "httpoison": {:hex, :httpoison, "0.8.0", "52a958d40b2aa46da418cdf6d8dfd82ba83e94d5e60920dfa5f40c05b34fe073", [:mix], [{:hackney, "~> 1.4.4", [hex: :hackney, optional: false]}]},
  "idna": {:hex, :idna, "1.0.3", "d456a8761cad91c97e9788c27002eb3b773adaf5c893275fc35ba4e3434bbd9b", [:rebar3], []},
  "meck": {:hex, :meck, "0.8.4"},
  "mimerl": {:hex, :mimerl, "1.0.2", "993f9b0e084083405ed8252b99460c4f0563e41729ab42d9074fd5e52439be88", [:rebar3], []},
  "mock": {:hex, :mock, "0.1.1"},
  "plug": {:hex, :plug, "1.1.3", "2c1b01a51304ab1b88dc4313c0707e69998c8d6d4cdaeef391fa6003b6e31a5a", [:mix], [{:cowboy, "~> 1.0", [hex: :cowboy, optional: true]}]},
  "ranch": {:hex, :ranch, "1.2.1", "a6fb992c10f2187b46ffd17ce398ddf8a54f691b81768f9ef5f461ea7e28c762", [:make], []},
  "ssl_verify_hostname": {:hex, :ssl_verify_hostname, "1.0.5", "2e73e068cd6393526f9fa6d399353d7c9477d6886ba005f323b592d389fb47be", [:make], []}}
